
Microsoft Visual Studio Solution File, Format Version 12.00
# Visual Studio Version 17
VisualStudioVersion = 17.3.32819.101
MinimumVisualStudioVersion = 10.0.40219.1
Project("{FAE04EC0-301F-11D3-BF4B-00C04F79EFBC}") = "BasicProgram195Day3", "BasicProgram195Day3\BasicProgram195Day3.csproj", "{EBE47285-2FEC-4954-B086-748BC2FB33CA}"
EndProject
Global
	GlobalSection(SolutionConfigurationPlatforms) = preSolution
		Debug|Any CPU = Debug|Any CPU
		Release|Any CPU = Release|Any CPU
	EndGlobalSection
	GlobalSection(ProjectConfigurationPlatforms) = postSolution
		{EBE47285-2FEC-4954-B086-748BC2FB33CA}.Debug|Any CPU.ActiveCfg = Debug|Any CPU
		{EBE47285-2FEC-4954-B086-748BC2FB33CA}.Debug|Any CPU.Build.0 = Debug|Any CPU
		{EBE47285-2FEC-4954-B086-748BC2FB33CA}.Release|Any CPU.ActiveCfg = Release|Any CPU
		{EBE47285-2FEC-4954-B086-748BC2FB33CA}.Release|Any CPU.Build.0 = Release|Any CPU
	EndGlobalSection
	GlobalSection(SolutionProperties) = preSolution
		HideSolutionNode = FALSE
	EndGlobalSection
	GlobalSection(ExtensibilityGlobals) = postSolution
		SolutionGuid = {AD85615C-852E-4034-B4D1-73D00E6C35B0}
	EndGlobalSection
EndGlobal
